
Microsoft Visual Studio Solution File, Format Version 12.00
Project("{FAE04EC0-301F-11D3-BF4B-00C04F79EFBC}") = "appmed", "appmed\appmed.csproj", "{3A02E83E-CD8A-4AF1-9FE4-F5418DA5A0A6}"
EndProject
Global
	GlobalSection(SolutionConfigurationPlatforms) = preSolution
		Debug|Any CPU = Debug|Any CPU
		Release|Any CPU = Release|Any CPU
	EndGlobalSection
	GlobalSection(ProjectConfigurationPlatforms) = postSolution
		{3A02E83E-CD8A-4AF1-9FE4-F5418DA5A0A6}.Debug|Any CPU.ActiveCfg = Debug|Any CPU
		{3A02E83E-CD8A-4AF1-9FE4-F5418DA5A0A6}.Debug|Any CPU.Build.0 = Debug|Any CPU
		{3A02E83E-CD8A-4AF1-9FE4-F5418DA5A0A6}.Release|Any CPU.ActiveCfg = Release|Any CPU
		{3A02E83E-CD8A-4AF1-9FE4-F5418DA5A0A6}.Release|Any CPU.Build.0 = Release|Any CPU
	EndGlobalSection
EndGlobal
